
Microsoft Visual Studio Solution File, Format Version 12.00
# Visual Studio Version 16
VisualStudioVersion = 16.0.31613.86
MinimumVisualStudioVersion = 10.0.40219.1
Project("{FAE04EC0-301F-11D3-BF4B-00C04F79EFBC}") = "FormulaPrinter", "FormulaPrinter\FormulaPrinter.csproj", "{975B7807-E768-46A6-8DF8-196836103884}"
EndProject
Global
	GlobalSection(SolutionConfigurationPlatforms) = preSolution
		Debug|Any CPU = Debug|Any CPU
		Release|Any CPU = Release|Any CPU
	EndGlobalSection
	GlobalSection(ProjectConfigurationPlatforms) = postSolution
		{975B7807-E768-46A6-8DF8-196836103884}.Debug|Any CPU.ActiveCfg = Debug|Any CPU
		{975B7807-E768-46A6-8DF8-196836103884}.Debug|Any CPU.Build.0 = Debug|Any CPU
		{975B7807-E768-46A6-8DF8-196836103884}.Release|Any CPU.ActiveCfg = Release|Any CPU
		{975B7807-E768-46A6-8DF8-196836103884}.Release|Any CPU.Build.0 = Release|Any CPU
	EndGlobalSection
	GlobalSection(SolutionProperties) = preSolution
		HideSolutionNode = FALSE
	EndGlobalSection
	GlobalSection(ExtensibilityGlobals) = postSolution
		SolutionGuid = {27BBD9B8-6B80-4CDC-B1FF-F7E2F81F9139}
	EndGlobalSection
EndGlobal
